
Microsoft Visual Studio Solution File, Format Version 12.00
# Visual Studio Version 16
VisualStudioVersion = 16.0.33214.272
MinimumVisualStudioVersion = 10.0.40219.1
Project("{FAE04EC0-301F-11D3-BF4B-00C04F79EFBC}") = "espepe", "espepe\espepe.csproj", "{1F99F2CE-AA34-47D4-AFD6-6E74C8B83A23}"
EndProject
Global
	GlobalSection(SolutionConfigurationPlatforms) = preSolution
		Debug|Any CPU = Debug|Any CPU
		Release|Any CPU = Release|Any CPU
	EndGlobalSection
	GlobalSection(ProjectConfigurationPlatforms) = postSolution
		{1F99F2CE-AA34-47D4-AFD6-6E74C8B83A23}.Debug|Any CPU.ActiveCfg = Debug|Any CPU
		{1F99F2CE-AA34-47D4-AFD6-6E74C8B83A23}.Debug|Any CPU.Build.0 = Debug|Any CPU
		{1F99F2CE-AA34-47D4-AFD6-6E74C8B83A23}.Release|Any CPU.ActiveCfg = Release|Any CPU
		{1F99F2CE-AA34-47D4-AFD6-6E74C8B83A23}.Release|Any CPU.Build.0 = Release|Any CPU
	EndGlobalSection
	GlobalSection(SolutionProperties) = preSolution
		HideSolutionNode = FALSE
	EndGlobalSection
	GlobalSection(ExtensibilityGlobals) = postSolution
		SolutionGuid = {18579CF0-5719-41E3-A6F0-971AA765BCAE}
	EndGlobalSection
EndGlobal
